
Microsoft Visual Studio Solution File, Format Version 12.00
# Visual Studio 2013
VisualStudioVersion = 12.0.31101.0
MinimumVisualStudioVersion = 10.0.40219.1
Project("{FAE04EC0-301F-11D3-BF4B-00C04F79EFBC}") = "02. QuotedText", "02. QuotedText\02. QuotedText.csproj", "{28F81DC9-45B9-4916-8761-DDF0D091D82A}"
EndProject
Project("{FAE04EC0-301F-11D3-BF4B-00C04F79EFBC}") = "04. TypeofNull", "04. TypeofNull\04. TypeofNull.csproj", "{9CCAB1DE-598A-4CB2-B302-BAC2EB3EFE5A}"
EndProject
Project("{FAE04EC0-301F-11D3-BF4B-00C04F79EFBC}") = "01 and 03 Problems", "01-03. JavaScriptLiterals\01 and 03 Problems.csproj", "{1D1A4124-1C4C-4BE7-8F05-BAD3539105B3}"
EndProject
Global
	GlobalSection(SolutionConfigurationPlatforms) = preSolution
		Debug|Any CPU = Debug|Any CPU
		Release|Any CPU = Release|Any CPU
	EndGlobalSection
	GlobalSection(ProjectConfigurationPlatforms) = postSolution
		{28F81DC9-45B9-4916-8761-DDF0D091D82A}.Debug|Any CPU.ActiveCfg = Debug|Any CPU
		{28F81DC9-45B9-4916-8761-DDF0D091D82A}.Debug|Any CPU.Build.0 = Debug|Any CPU
		{28F81DC9-45B9-4916-8761-DDF0D091D82A}.Release|Any CPU.ActiveCfg = Release|Any CPU
		{28F81DC9-45B9-4916-8761-DDF0D091D82A}.Release|Any CPU.Build.0 = Release|Any CPU
		{9CCAB1DE-598A-4CB2-B302-BAC2EB3EFE5A}.Debug|Any CPU.ActiveCfg = Debug|Any CPU
		{9CCAB1DE-598A-4CB2-B302-BAC2EB3EFE5A}.Debug|Any CPU.Build.0 = Debug|Any CPU
		{9CCAB1DE-598A-4CB2-B302-BAC2EB3EFE5A}.Release|Any CPU.ActiveCfg = Release|Any CPU
		{9CCAB1DE-598A-4CB2-B302-BAC2EB3EFE5A}.Release|Any CPU.Build.0 = Release|Any CPU
		{1D1A4124-1C4C-4BE7-8F05-BAD3539105B3}.Debug|Any CPU.ActiveCfg = Debug|Any CPU
		{1D1A4124-1C4C-4BE7-8F05-BAD3539105B3}.Debug|Any CPU.Build.0 = Debug|Any CPU
		{1D1A4124-1C4C-4BE7-8F05-BAD3539105B3}.Release|Any CPU.ActiveCfg = Release|Any CPU
		{1D1A4124-1C4C-4BE7-8F05-BAD3539105B3}.Release|Any CPU.Build.0 = Release|Any CPU
	EndGlobalSection
	GlobalSection(SolutionProperties) = preSolution
		HideSolutionNode = FALSE
	EndGlobalSection
EndGlobal
